<?xml version="1.0" encoding="utf-8"?>
<Project ToolsVersion="4.0" xmlns="http://schemas.microsoft.com/developer/msbuild/2003">
  <ItemGroup>
    <Filter Include="Resources">
      <UniqueIdentifier>dd43397f-3abc-4478-8d7e-3a226c329c64</UniqueIdentifier>
      <Extensions>ico;bmp;dlg;gif;jpg;jpeg;jpe;resx;tiff;tif;png;wav;resw;resjson</Extensions>
    </Filter>
    <Filter Include="Framework">
      <UniqueIdentifier>{8ad4a06a-6e8b-48f8-8a5d-2e100b969f73}</UniqueIdentifier>
    </Filter>
    <Filter Include="Framework\Header Files">
      <UniqueIdentifier>{c7d798db-7c13-4270-a6ba-455646c269b2}</UniqueIdentifier>
    </Filter>
    <Filter Include="Framework\WinRT">
      <UniqueIdentifier>{8ae4ac8d-09ae-4db2-a748-769b37da51b7}</UniqueIdentifier>
    </Filter>
    <Filter Include="Framework\Source Files">
      <UniqueIdentifier>{1fcdc421-9e59-4e42-a20f-b171e4ad11bc}</UniqueIdentifier>
    </Filter>
    <Filter Include="Framework\Source Files\Direct3D">
      <UniqueIdentifier>{ef08790a-815f-49c4-bab1-bb2f9b048c7c}</UniqueIdentifier>
    </Filter>
    <Filter Include="Resources\Meshes">
      <UniqueIdentifier>{2594ab52-4d1a-47dc-943b-c2d311c382f2}</UniqueIdentifier>
    </Filter>
    <Filter Include="Resources\Fonts">
      <UniqueIdentifier>{4d30b29f-fb5a-4798-af85-446ef74b60b1}</UniqueIdentifier>
    </Filter>
    <Filter Include="Media">
      <UniqueIdentifier>{287f2a09-63dc-4052-a5ac-493e4071e7b5}</UniqueIdentifier>
    </Filter>
    <Filter Include="Media\Shaders">
      <UniqueIdentifier>{295f5d93-a433-4c13-9460-3a2862fb9e93}</UniqueIdentifier>
    </Filter>
  </ItemGroup>
  <ItemGroup>
    <AppxManifest Include="Package.appxmanifest" />
  </ItemGroup>
  <ItemGroup>
    <ClInclude Include="..\..\..\Framework\FrmApplication.h">
      <Filter>Framework\Header Files</Filter>
    </ClInclude>
    <ClInclude Include="..\..\..\Framework\FrmFile.h">
      <Filter>Framework\Header Files</Filter>
    </ClInclude>
    <ClInclude Include="..\..\..\Framework\FrmInput.h">
      <Filter>Framework\Header Files</Filter>
    </ClInclude>
    <ClInclude Include="..\..\..\Framework\FrmNoise.h">
      <Filter>Framework\Header Files</Filter>
    </ClInclude>
    <ClInclude Include="..\..\..\Framework\FrmResource.h">
      <Filter>Framework\Header Files</Filter>
    </ClInclude>
    <ClInclude Include="..\..\..\Framework\FrmStdlib.h">
      <Filter>Framework\Header Files</Filter>
    </ClInclude>
    <ClInclude Include="..\..\..\Framework\FrmUserInterface.h">
      <Filter>Framework\Header Files</Filter>
    </ClInclude>
    <ClInclude Include="..\..\..\Framework\FrmUtils.h">
      <Filter>Framework\Header Files</Filter>
    </ClInclude>
    <ClInclude Include="..\..\..\Framework\FrmMath.h">
      <Filter>Framework\Header Files</Filter>
    </ClInclude>
    <ClInclude Include="..\..\..\Framework\FrmPackedResource.h">
      <Filter>Framework\Header Files</Filter>
    </ClInclude>
    <ClInclude Include="..\..\..\Framework\WinRT\FrmPlatform.h">
      <Filter>Framework\WinRT</Filter>
    </ClInclude>
    <ClInclude Include="..\..\..\Framework\FrmFont.h">
      <Filter>Framework\Header Files</Filter>
    </ClInclude>
    <ClInclude Include="..\..\..\Framework\Direct3D\FrmShader.h">
      <Filter>Framework\Source Files\Direct3D</Filter>
    </ClInclude>
    <ClInclude Include="..\..\..\Framework\Direct3D\FrmUtilsD3D.h">
      <Filter>Framework\Source Files\Direct3D</Filter>
    </ClInclude>
    <ClInclude Include="..\..\..\Framework\Direct3D\FrmResourceD3D.h">
      <Filter>Framework\Source Files\Direct3D</Filter>
    </ClInclude>
    <ClInclude Include="..\..\..\Framework\Direct3D\FrmMesh.h">
      <Filter>Framework\Source Files\Direct3D</Filter>
    </ClInclude>
    <ClInclude Include="..\..\..\Framework\Direct3D\FrmPackedResourceD3D.h">
      <Filter>Framework\Source Files\Direct3D</Filter>
    </ClInclude>
    <ClInclude Include="..\..\..\Framework\Direct3D\FrmFontD3D.h">
      <Filter>Framework\Source Files\Direct3D</Filter>
    </ClInclude>
    <ClInclude Include="..\..\..\Framework\Direct3D\FrmUserInterfaceD3D.h">
      <Filter>Framework\Source Files\Direct3D</Filter>
    </ClInclude>
    <ClInclude Include="Scene.h" />
    <ClInclude Include="bicubic.h" />
    <ClInclude Include="frustum.h" />
    <ClInclude Include="lod.h" />
    <ClInclude Include="Mover.h" />
    <ClInclude Include="quadtree.h" />
    <ClInclude Include="surface.h" />
  </ItemGroup>
  <ItemGroup>
    <ClCompile Include="..\..\..\Framework\FrmApplication.cpp">
      <Filter>Framework\Source Files</Filter>
    </ClCompile>
    <ClCompile Include="..\..\..\Framework\FrmFont.cpp">
      <Filter>Framework\Source Files</Filter>
    </ClCompile>
    <ClCompile Include="..\..\..\Framework\FrmInput.cpp">
      <Filter>Framework\Source Files</Filter>
    </ClCompile>
    <ClCompile Include="..\..\..\Framework\FrmPackedResource.cpp">
      <Filter>Framework\Source Files</Filter>
    </ClCompile>
    <ClCompile Include="..\..\..\Framework\WinRT\FrmPlatform.cpp">
      <Filter>Framework\WinRT</Filter>
    </ClCompile>
    <ClCompile Include="..\..\..\Framework\FrmUserInterface.cpp">
      <Filter>Framework\Source Files</Filter>
    </ClCompile>
    <ClCompile Include="..\..\..\Framework\FrmUtils.cpp">
      <Filter>Framework\Source Files</Filter>
    </ClCompile>
    <ClCompile Include="..\..\..\Framework\WinRT\FrmApplication_Platform.cpp">
      <Filter>Framework\WinRT</Filter>
    </ClCompile>
    <ClCompile Include="..\..\..\Framework\WinRT\FrmFile_Platform.cpp">
      <Filter>Framework\WinRT</Filter>
    </ClCompile>
    <ClCompile Include="..\..\..\Framework\WinRT\FrmNoise_Platform.cpp">
      <Filter>Framework\WinRT</Filter>
    </ClCompile>
    <ClCompile Include="..\..\..\Framework\WinRT\FrmStdlib_Platform.cpp">
      <Filter>Framework\WinRT</Filter>
    </ClCompile>
    <ClCompile Include="..\..\..\Framework\WinRT\FrmUtils_Platform.cpp">
      <Filter>Framework\WinRT</Filter>
    </ClCompile>
    <ClCompile Include="Scene.cpp" />
    <ClCompile Include="..\..\..\Framework\Direct3D\FrmShader.cpp">
      <Filter>Framework\Source Files\Direct3D</Filter>
    </ClCompile>
    <ClCompile Include="..\..\..\Framework\Direct3D\FrmUtilsD3D.cpp">
      <Filter>Framework\Source Files\Direct3D</Filter>
    </ClCompile>
    <ClCompile Include="..\..\..\Framework\Direct3D\FrmResourceD3D.cpp">
      <Filter>Framework\Source Files\Direct3D</Filter>
    </ClCompile>
    <ClCompile Include="..\..\..\Framework\Direct3D\FrmMesh.cpp">
      <Filter>Framework\Source Files\Direct3D</Filter>
    </ClCompile>
    <ClCompile Include="..\..\..\Framework\Direct3D\FrmPackedResourceD3D.cpp">
      <Filter>Framework\Source Files\Direct3D</Filter>
    </ClCompile>
    <ClCompile Include="..\..\..\Framework\Direct3D\FrmFontD3D.cpp">
      <Filter>Framework\Source Files\Direct3D</Filter>
    </ClCompile>
    <ClCompile Include="..\..\..\Framework\Direct3D\FrmUserInterfaceD3D.cpp">
      <Filter>Framework\Source Files\Direct3D</Filter>
    </ClCompile>
    <ClCompile Include="lod.cpp" />
    <ClCompile Include="quadtree.cpp" />
  </ItemGroup>
  <ItemGroup>
    <None Include="TextureSynthesis_TemporaryKey.pfx" />
    <None Include="..\..\..\Framework\WinRT\FrmMath_Platform.inl">
      <Filter>Framework\WinRT</Filter>
    </None>
    <None Include="Tuffy12.pak">
      <Filter>Resources\Fonts</Filter>
    </None>
    <None Include="..\..\..\Assets\Samples\Meshes\RayGun.mesh">
      <Filter>Resources\Meshes</Filter>
    </None>
    <None Include=".\Textures.pak" />
    <None Include="Data\rainier2049.raw">
      <Filter>Resources</Filter>
    </None>
    <None Include="Data\demo1.srf">
      <Filter>Resources</Filter>
    </None>
    <None Include="Data\demo2.srf">
      <Filter>Resources</Filter>
    </None>
  </ItemGroup>
  <ItemGroup>
    <FxCompile Include="..\..\..\Framework\Direct3D\FrmFontPS.hlsl">
      <Filter>Framework\Source Files\Direct3D</Filter>
    </FxCompile>
    <FxCompile Include="..\..\..\Framework\Direct3D\FrmFontVS.hlsl">
      <Filter>Framework\Source Files\Direct3D</Filter>
    </FxCompile>
    <FxCompile Include="..\..\..\Framework\Direct3D\FrmUIBackgroundPS.hlsl">
      <Filter>Framework\Source Files\Direct3D</Filter>
    </FxCompile>
    <FxCompile Include="..\..\..\Framework\Direct3D\FrmUIBackgroundVS.hlsl">
      <Filter>Framework\Source Files\Direct3D</Filter>
    </FxCompile>
    <FxCompile Include="..\..\..\Framework\Direct3D\FrmUIOverlayPS.hlsl">
      <Filter>Framework\Source Files\Direct3D</Filter>
    </FxCompile>
    <FxCompile Include="..\..\..\Framework\Direct3D\FrmUIOverlayVS.hlsl">
      <Filter>Framework\Source Files\Direct3D</Filter>
    </FxCompile>
    <FxCompile Include="..\..\..\Assets\Samples\Shaders\RenderTerrainPS.hlsl">
      <Filter>Media\Shaders</Filter>
    </FxCompile>
    <FxCompile Include="..\..\..\Assets\Samples\Shaders\RenderTerrainVS.hlsl">
      <Filter>Media\Shaders</Filter>
    </FxCompile>
    <FxCompile Include="..\..\..\Assets\Samples\Shaders\AddLayerPS.hlsl">
      <Filter>Media\Shaders</Filter>
    </FxCompile>
    <FxCompile Include="..\..\..\Assets\Samples\Shaders\AddLayerVS.hlsl">
      <Filter>Media\Shaders</Filter>
    </FxCompile>
    <FxCompile Include="..\..\..\Assets\Samples\Shaders\ComputeLayerLightingPS.hlsl">
      <Filter>Media\Shaders</Filter>
    </FxCompile>
    <FxCompile Include="..\..\..\Assets\Samples\Shaders\ComputeNormalsPS.hlsl">
      <Filter>Media\Shaders</Filter>
    </FxCompile>
    <FxCompile Include="..\..\..\Assets\Samples\Shaders\ComputeNormalsVS.hlsl">
      <Filter>Media\Shaders</Filter>
    </FxCompile>
    <FxCompile Include="..\..\..\Assets\Samples\Shaders\ResampleHeightBaseColorPS.hlsl">
      <Filter>Media\Shaders</Filter>
    </FxCompile>
    <FxCompile Include="..\..\..\Assets\Samples\Shaders\ResampleHeightBaseColorVS.hlsl">
      <Filter>Media\Shaders</Filter>
    </FxCompile>
    <FxCompile Include="..\..\..\Assets\Samples\Shaders\ResampleHeightMapColorPS.hlsl">
      <Filter>Media\Shaders</Filter>
    </FxCompile>
    <FxCompile Include="..\..\..\Assets\Samples\Shaders\ResampleHeightMapColorVS.hlsl">
      <Filter>Media\Shaders</Filter>
    </FxCompile>
    <FxCompile Include="..\..\..\Assets\Samples\Shaders\OverlayPS.hlsl">
      <Filter>Media\Shaders</Filter>
    </FxCompile>
    <FxCompile Include="..\..\..\Assets\Samples\Shaders\OverlayVS.hlsl">
      <Filter>Media\Shaders</Filter>
    </FxCompile>
  </ItemGroup>
  <ItemGroup>
    <Image Include="Assets\Logo.png">
      <Filter>Resources</Filter>
    </Image>
    <Image Include="Assets\SmallLogo.png">
      <Filter>Resources</Filter>
    </Image>
    <Image Include="Assets\SplashScreen.png">
      <Filter>Resources</Filter>
    </Image>
    <Image Include="Assets\StoreLogo.png">
      <Filter>Resources</Filter>
    </Image>
  </ItemGroup>
  <ItemGroup>
    <CustomBuild Include="..\..\..\Assets\Samples\Fonts\Tuffy12D3D.xml" />
    <CustomBuild Include=".\Textures.xml" />
  </ItemGroup>
</Project>