<?xml version="1.0" encoding="utf-8"?>
<Project ToolsVersion="4.0" xmlns="http://schemas.microsoft.com/developer/msbuild/2003">
  <ItemGroup>
    <Filter Include="Assets">
      <UniqueIdentifier>{2decf026-eb39-46f6-bf76-2f6b6c43bce6}</UniqueIdentifier>
    </Filter>
    <Filter Include="Framework">
      <UniqueIdentifier>{faa4ea98-7f4f-4655-af22-f951f727e2c2}</UniqueIdentifier>
    </Filter>
    <Filter Include="Framework\Header Files">
      <UniqueIdentifier>{feeaa4b5-da3a-4dad-91cb-225cfdf53ad8}</UniqueIdentifier>
    </Filter>
    <Filter Include="Framework\Header Files\OpenCL">
      <UniqueIdentifier>{57abc9f2-5b96-4fc3-98de-dfb0bb3f7c39}</UniqueIdentifier>
    </Filter>
    <Filter Include="Framework\Source Files">
      <UniqueIdentifier>{fad49a00-457e-4049-a73d-1f06755cd45e}</UniqueIdentifier>
    </Filter>
    <Filter Include="Framework\Source Files\OpenCL">
      <UniqueIdentifier>{7e9e9f04-11c9-4a07-9be4-027c26cb18d8}</UniqueIdentifier>
    </Filter>
    <Filter Include="Framework\Win32">
      <UniqueIdentifier>{10796c70-a0bc-4934-bf79-3fe6a190f123}</UniqueIdentifier>
    </Filter>
  </ItemGroup>
  <ItemGroup>
    <ClInclude Include="..\Compute.h" />
    <ClInclude Include="..\..\..\Framework\FrmComputeApplication.h">
      <Filter>Framework\Header Files</Filter>
    </ClInclude>
    <ClInclude Include="..\..\..\Framework\FrmUtils.h">
      <Filter>Framework\Header Files</Filter>
    </ClInclude>
    <ClInclude Include="..\..\..\Framework\FrmFile.h">
      <Filter>Framework\Header Files</Filter>
    </ClInclude>
    <ClInclude Include="..\..\..\Framework\FrmFont.h">
      <Filter>Framework\Header Files</Filter>
    </ClInclude>
    <ClInclude Include="..\..\..\Framework\FrmInput.h">
      <Filter>Framework\Header Files</Filter>
    </ClInclude>
    <ClInclude Include="..\..\..\Framework\FrmMath.h">
      <Filter>Framework\Header Files</Filter>
    </ClInclude>
    <ClInclude Include="..\..\..\Framework\FrmNoise.h">
      <Filter>Framework\Header Files</Filter>
    </ClInclude>
    <ClInclude Include="..\..\..\Framework\FrmPackedResource.h">
      <Filter>Framework\Header Files</Filter>
    </ClInclude>
    <ClInclude Include="..\..\..\Framework\FrmResource.h">
      <Filter>Framework\Header Files</Filter>
    </ClInclude>
    <ClInclude Include="..\..\..\Framework\FrmStdlib.h">
      <Filter>Framework\Header Files</Filter>
    </ClInclude>
    <ClInclude Include="..\..\..\Framework\FrmUserInterface.h">
      <Filter>Framework\Header Files</Filter>
    </ClInclude>
    <ClInclude Include="..\..\..\Framework\OpenCL\FrmKernel.h">
      <Filter>Framework\Header Files\OpenCL</Filter>
    </ClInclude>
    <ClInclude Include="..\..\..\Framework\Win32\FrmPlatform.h">
      <Filter>Framework\Win32</Filter>
    </ClInclude>
  </ItemGroup>
  <ItemGroup>
    <ClCompile Include="..\Compute.cpp" />
    <ClCompile Include="..\..\..\Framework\FrmComputeApplication.cpp">
      <Filter>Framework\Source Files</Filter>
    </ClCompile>
    <ClCompile Include="..\..\..\Framework\FrmUtils.cpp">
      <Filter>Framework\Source Files</Filter>
    </ClCompile>
    <ClCompile Include="..\..\..\Framework\FrmFont.cpp">
      <Filter>Framework\Source Files</Filter>
    </ClCompile>
    <ClCompile Include="..\..\..\Framework\FrmInput.cpp">
      <Filter>Framework\Source Files</Filter>
    </ClCompile>
    <ClCompile Include="..\..\..\Framework\FrmPackedResource.cpp">
      <Filter>Framework\Source Files</Filter>
    </ClCompile>
    <ClCompile Include="..\..\..\Framework\FrmUserInterface.cpp">
      <Filter>Framework\Source Files</Filter>
    </ClCompile>
    <ClCompile Include="..\..\..\Framework\OpenCL\FrmKernel.cpp">
      <Filter>Framework\Source Files\OpenCL</Filter>
    </ClCompile>
    <ClCompile Include="..\..\..\Framework\Win32\FrmUtils_Platform.cpp">
      <Filter>Framework\Win32</Filter>
    </ClCompile>
    <ClCompile Include="..\..\..\Framework\Win32\FrmComputeApplication_Platform.cpp">
      <Filter>Framework\Win32</Filter>
    </ClCompile>
    <ClCompile Include="..\..\..\Framework\Win32\FrmFile_Platform.cpp">
      <Filter>Framework\Win32</Filter>
    </ClCompile>
    <ClCompile Include="..\..\..\Framework\win32\FrmNoise_Platform.cpp">
      <Filter>Framework\Win32</Filter>
    </ClCompile>
    <ClCompile Include="..\..\..\Framework\Win32\FrmPlatform.cpp">
      <Filter>Framework\Win32</Filter>
    </ClCompile>
    <ClCompile Include="..\..\..\Framework\Win32\FrmStdlib_Platform.cpp">
      <Filter>Framework\Win32</Filter>
    </ClCompile>
  </ItemGroup>
  <ItemGroup>
    <CustomBuild Include="..\..\..\..\Assets\Samples\Kernels\MatrixMatrixMul.cl">
      <Filter>Assets</Filter>
    </CustomBuild>
  </ItemGroup>
  <ItemGroup>
    <None Include="..\..\BandwidthTest\Framework\Win32\Adreno.ico">
      <Filter>Framework\Win32</Filter>
    </None>
    <None Include="..\..\..\Framework\Win32\FrmMath_Platform.inl">
      <Filter>Framework\Win32</Filter>
    </None>
  </ItemGroup>
</Project>