<?xml version="1.0" encoding="utf-8"?>
<Project ToolsVersion="4.0" xmlns="http://schemas.microsoft.com/developer/msbuild/2003">
  <ItemGroup>
    <Filter Include="Framework">
      <UniqueIdentifier>{c60446fd-785a-44cf-97a6-634c5938ce14}</UniqueIdentifier>
    </Filter>
    <Filter Include="Framework\Header Files">
      <UniqueIdentifier>{ce335935-2221-46c8-9543-9620ab3d26b7}</UniqueIdentifier>
      <Extensions>.h</Extensions>
    </Filter>
    <Filter Include="Framework\Header Files\OpenGLES">
      <UniqueIdentifier>{baef766b-5b62-4480-892b-fb4abc31f593}</UniqueIdentifier>
      <Extensions>.h;.cpp</Extensions>
    </Filter>
    <Filter Include="Framework\Source Files">
      <UniqueIdentifier>{f78e0a7b-827b-43a3-8411-986960afb02c}</UniqueIdentifier>
      <Extensions>.cpp</Extensions>
    </Filter>
    <Filter Include="Framework\Source Files\OpenGLES">
      <UniqueIdentifier>{371db382-1b77-4992-b72a-8edbac6efb4d}</UniqueIdentifier>
      <Extensions>.h;.cpp</Extensions>
    </Filter>
    <Filter Include="Framework\Win32">
      <UniqueIdentifier>{43f810cf-f45a-4e07-b576-64a1be1e8ca3}</UniqueIdentifier>
      <Extensions>.h;.cpp</Extensions>
    </Filter>
    <Filter Include="Assets">
      <UniqueIdentifier>{5d73a579-4f86-41ff-8123-4ec25da68aa1}</UniqueIdentifier>
    </Filter>
    <Filter Include="Assets\Resources">
      <UniqueIdentifier>{16e6304c-2548-4dbe-a4df-69dd0b0ccca9}</UniqueIdentifier>
      <Extensions>.xml</Extensions>
    </Filter>
    <Filter Include="Assets\Fonts">
      <UniqueIdentifier>{272f0a64-2e43-4826-8b0c-305e127f6966}</UniqueIdentifier>
      <Extensions>.xml</Extensions>
    </Filter>
    <Filter Include="Assets\Meshes">
      <UniqueIdentifier>{05d826a7-88a3-4067-9c88-019ea896b370}</UniqueIdentifier>
      <Extensions>.mesh;</Extensions>
    </Filter>
    <Filter Include="Assets\Shaders">
      <UniqueIdentifier>{1e858435-64b6-46b0-a076-275cae303a18}</UniqueIdentifier>
      <Extensions>.shd;.glsl</Extensions>
    </Filter>
  </ItemGroup>
  <ItemGroup>
    <ClInclude Include="..\..\..\Framework\FrmApplication.h">
      <Filter>Framework\Header Files</Filter>
    </ClInclude>
    <ClInclude Include="..\..\..\Framework\FrmFile.h">
      <Filter>Framework\Header Files</Filter>
    </ClInclude>
    <ClInclude Include="..\..\..\Framework\FrmFont.h">
      <Filter>Framework\Header Files</Filter>
    </ClInclude>
    <ClInclude Include="..\..\..\Framework\FrmInput.h">
      <Filter>Framework\Header Files</Filter>
    </ClInclude>
    <ClInclude Include="..\..\..\Framework\FrmMath.h">
      <Filter>Framework\Header Files</Filter>
    </ClInclude>
    <ClInclude Include="..\..\..\Framework\FrmNoise.h">
      <Filter>Framework\Header Files</Filter>
    </ClInclude>
    <ClInclude Include="..\..\..\Framework\FrmPackedResource.h">
      <Filter>Framework\Header Files</Filter>
    </ClInclude>
    <ClInclude Include="..\..\..\Framework\FrmResource.h">
      <Filter>Framework\Header Files</Filter>
    </ClInclude>
    <ClInclude Include="..\..\..\Framework\FrmStdlib.h">
      <Filter>Framework\Header Files</Filter>
    </ClInclude>
    <ClInclude Include="..\..\..\Framework\FrmUserInterface.h">
      <Filter>Framework\Header Files</Filter>
    </ClInclude>
    <ClInclude Include="..\..\..\Framework\FrmUtils.h">
      <Filter>Framework\Header Files</Filter>
    </ClInclude>
    <ClInclude Include="..\..\..\Framework\OpenGLES\FrmFontGLES.h">
      <Filter>Framework\Header Files\OpenGLES</Filter>
    </ClInclude>
    <ClInclude Include="..\..\..\Framework\OpenGLES\FrmMesh.h">
      <Filter>Framework\Header Files\OpenGLES</Filter>
    </ClInclude>
    <ClInclude Include="..\..\..\Framework\OpenGLES\FrmPackedResourceGLES.h">
      <Filter>Framework\Header Files\OpenGLES</Filter>
    </ClInclude>
    <ClInclude Include="..\..\..\Framework\OpenGLES\FrmResourceGLES.h">
      <Filter>Framework\Header Files\OpenGLES</Filter>
    </ClInclude>
    <ClInclude Include="..\..\..\Framework\OpenGLES\FrmShader.h">
      <Filter>Framework\Header Files\OpenGLES</Filter>
    </ClInclude>
    <ClInclude Include="..\..\..\Framework\OpenGLES\FrmUserInterfaceGLES.h">
      <Filter>Framework\Header Files\OpenGLES</Filter>
    </ClInclude>
    <ClInclude Include="..\..\..\Framework\OpenGLES\FrmUtilsGLES.h">
      <Filter>Framework\Header Files\OpenGLES</Filter>
    </ClInclude>
    <ClInclude Include="..\..\..\Framework\Win32\FrmPlatform.h">
      <Filter>Framework\Win32</Filter>
    </ClInclude>
    <ClInclude Include="..\Scene.h" />
    <ClInclude Include="..\..\..\Framework\OpenGLES\FrmGLES3.h">
      <Filter>Framework\Header Files\OpenGLES</Filter>
    </ClInclude>
  </ItemGroup>
  <ItemGroup>
    <ClCompile Include="..\..\..\Framework\FrmApplication.cpp">
      <Filter>Framework\Source Files</Filter>
    </ClCompile>
    <ClCompile Include="..\..\..\Framework\FrmFont.cpp">
      <Filter>Framework\Source Files</Filter>
    </ClCompile>
    <ClCompile Include="..\..\..\Framework\FrmInput.cpp">
      <Filter>Framework\Source Files</Filter>
    </ClCompile>
    <ClCompile Include="..\..\..\Framework\FrmPackedResource.cpp">
      <Filter>Framework\Source Files</Filter>
    </ClCompile>
    <ClCompile Include="..\..\..\Framework\FrmUserInterface.cpp">
      <Filter>Framework\Source Files</Filter>
    </ClCompile>
    <ClCompile Include="..\..\..\Framework\FrmUtils.cpp">
      <Filter>Framework\Source Files</Filter>
    </ClCompile>
    <ClCompile Include="..\..\..\Framework\OpenGLES\FrmFontGLES.cpp">
      <Filter>Framework\Source Files\OpenGLES</Filter>
    </ClCompile>
    <ClCompile Include="..\..\..\Framework\OpenGLES\FrmMesh.cpp">
      <Filter>Framework\Source Files\OpenGLES</Filter>
    </ClCompile>
    <ClCompile Include="..\..\..\Framework\OpenGLES\FrmPackedResourceGLES.cpp">
      <Filter>Framework\Source Files\OpenGLES</Filter>
    </ClCompile>
    <ClCompile Include="..\..\..\Framework\OpenGLES\FrmResourceGLES.cpp">
      <Filter>Framework\Source Files\OpenGLES</Filter>
    </ClCompile>
    <ClCompile Include="..\..\..\Framework\OpenGLES\FrmShader.cpp">
      <Filter>Framework\Source Files\OpenGLES</Filter>
    </ClCompile>
    <ClCompile Include="..\..\..\Framework\OpenGLES\FrmUserInterfaceGLES.cpp">
      <Filter>Framework\Source Files\OpenGLES</Filter>
    </ClCompile>
    <ClCompile Include="..\..\..\Framework\OpenGLES\FrmUtilsGLES.cpp">
      <Filter>Framework\Source Files\OpenGLES</Filter>
    </ClCompile>
    <ClCompile Include="..\..\..\Framework\Win32\FrmApplication_Platform.cpp">
      <Filter>Framework\Win32</Filter>
    </ClCompile>
    <ClCompile Include="..\..\..\Framework\Win32\FrmFile_Platform.cpp">
      <Filter>Framework\Win32</Filter>
    </ClCompile>
    <ClCompile Include="..\..\..\Framework\win32\FrmNoise_Platform.cpp">
      <Filter>Framework\Win32</Filter>
    </ClCompile>
    <ClCompile Include="..\..\..\Framework\Win32\FrmPlatform.cpp">
      <Filter>Framework\Win32</Filter>
    </ClCompile>
    <ClCompile Include="..\..\..\Framework\Win32\FrmStdlib_Platform.cpp">
      <Filter>Framework\Win32</Filter>
    </ClCompile>
    <ClCompile Include="..\..\..\Framework\Win32\FrmUtils_Platform.cpp">
      <Filter>Framework\Win32</Filter>
    </ClCompile>
    <ClCompile Include="..\Scene.cpp" />
    <ClCompile Include="..\..\..\Framework\OpenGLES\FrmGLES3.cpp">
      <Filter>Framework\Source Files\OpenGLES</Filter>
    </ClCompile>
  </ItemGroup>
  <ItemGroup>
    <None Include="..\..\..\Framework\Win32\FrmMath_Platform.inl">
      <Filter>Framework\Win32</Filter>
    </None>
    <None Include="..\..\..\..\Assets\Samples\Fonts\Tuffy12.xml">
      <Filter>Assets\Fonts</Filter>
    </None>
    <None Include="..\..\..\..\Assets\Samples\Meshes\BowlingPin.mesh">
      <Filter>Assets\Meshes</Filter>
    </None>
    <None Include="..\..\..\..\Assets\Samples\Meshes\Map3.mesh">
      <Filter>Assets\Meshes</Filter>
    </None>
    <None Include="..\..\..\..\Assets\Samples\Textures\Pak\ToneMapping.xml">
      <Filter>Assets\Resources</Filter>
    </None>
    <None Include="..\..\..\..\Assets\Samples\Shaders\AdaptLuminance.glsl">
      <Filter>Assets\Shaders</Filter>
    </None>
    <None Include="..\..\..\..\Assets\Samples\Shaders\AverageLuminance.glsl">
      <Filter>Assets\Shaders</Filter>
    </None>
    <None Include="..\..\..\..\Assets\Samples\Shaders\BlurShader.glsl">
      <Filter>Assets\Shaders</Filter>
    </None>
    <None Include="..\..\..\..\Assets\Samples\Shaders\BrightPass.glsl">
      <Filter>Assets\Shaders</Filter>
    </None>
    <None Include="..\..\..\..\Assets\Samples\Shaders\CombineShaderToneMapping.glsl">
      <Filter>Assets\Shaders</Filter>
    </None>
    <None Include="..\..\..\..\Assets\Samples\Shaders\CopyRT.glsl">
      <Filter>Assets\Shaders</Filter>
    </None>
    <None Include="..\..\..\..\Assets\Samples\Shaders\DownsizeShaderToneMapping.glsl">
      <Filter>Assets\Shaders</Filter>
    </None>
    <None Include="..\..\..\..\Assets\Samples\Shaders\GenerateLuminance.glsl">
      <Filter>Assets\Shaders</Filter>
    </None>
    <None Include="..\..\..\..\Assets\Samples\Shaders\MaterialShader.glsl">
      <Filter>Assets\Shaders</Filter>
    </None>
    <None Include="..\..\..\..\Assets\Samples\Shaders\PreviewShader.glsl">
      <Filter>Assets\Shaders</Filter>
    </None>
  </ItemGroup>
  <ItemGroup>
    <CustomBuild Include="..\..\..\Framework\Win32\Adreno.ico">
      <Filter>Framework\Win32</Filter>
    </CustomBuild>
  </ItemGroup>
</Project>