<?xml version="1.0" encoding="utf-8"?>
<Project ToolsVersion="4.0" xmlns="http://schemas.microsoft.com/developer/msbuild/2003">
  <ItemGroup>
    <Filter Include="Assets">
      <UniqueIdentifier>{72cf76c3-2b74-464f-a4ab-dede36505e36}</UniqueIdentifier>
    </Filter>
    <Filter Include="Assets\Resources">
      <UniqueIdentifier>{cd51ba29-b4ae-47ed-af4d-d8da8bf14f3d}</UniqueIdentifier>
      <Extensions>.xml</Extensions>
    </Filter>
    <Filter Include="Assets\Fonts">
      <UniqueIdentifier>{ac8a8af6-aa63-4192-82d2-571ac9005c3c}</UniqueIdentifier>
      <Extensions>.xml</Extensions>
    </Filter>
    <Filter Include="Assets\Meshes">
      <UniqueIdentifier>{addd8e2e-b1c0-43c1-86e8-ce6f2aecf6c5}</UniqueIdentifier>
      <Extensions>.mesh;</Extensions>
    </Filter>
    <Filter Include="Assets\Shaders">
      <UniqueIdentifier>{959f4475-1583-414d-a860-8c881d5356de}</UniqueIdentifier>
      <Extensions>.shd;.glsl</Extensions>
    </Filter>
    <Filter Include="Framework">
      <UniqueIdentifier>{b9dd263b-c9ad-43c2-bcd3-733d418b3b16}</UniqueIdentifier>
    </Filter>
    <Filter Include="Framework\Header Files">
      <UniqueIdentifier>{11d1c255-7bd3-425c-949c-7c4a5a6912f6}</UniqueIdentifier>
    </Filter>
    <Filter Include="Framework\Header Files\OpenGLES">
      <UniqueIdentifier>{7edd155f-f7b8-42fe-871f-4eaa80869a25}</UniqueIdentifier>
    </Filter>
    <Filter Include="Framework\Win32">
      <UniqueIdentifier>{3dfaab2d-da73-4dc3-8366-b9fceea84848}</UniqueIdentifier>
    </Filter>
    <Filter Include="Framework\Source Files">
      <UniqueIdentifier>{231173ab-eb1e-4cf5-b1f3-47d0234c3f66}</UniqueIdentifier>
    </Filter>
    <Filter Include="Framework\Source Files\OpenGLES">
      <UniqueIdentifier>{0feefb58-1388-46bb-a5ac-9180f2fdc7a9}</UniqueIdentifier>
    </Filter>
  </ItemGroup>
  <ItemGroup>
    <ClInclude Include="..\Scene.h" />
    <ClInclude Include="..\..\..\Framework\FrmApplication.h">
      <Filter>Framework\Header Files</Filter>
    </ClInclude>
    <ClInclude Include="..\..\..\Framework\FrmFile.h">
      <Filter>Framework\Header Files</Filter>
    </ClInclude>
    <ClInclude Include="..\..\..\Framework\FrmFont.h">
      <Filter>Framework\Header Files</Filter>
    </ClInclude>
    <ClInclude Include="..\..\..\Framework\FrmInput.h">
      <Filter>Framework\Header Files</Filter>
    </ClInclude>
    <ClInclude Include="..\..\..\Framework\FrmMath.h">
      <Filter>Framework\Header Files</Filter>
    </ClInclude>
    <ClInclude Include="..\..\..\Framework\FrmNoise.h">
      <Filter>Framework\Header Files</Filter>
    </ClInclude>
    <ClInclude Include="..\..\..\Framework\FrmPackedResource.h">
      <Filter>Framework\Header Files</Filter>
    </ClInclude>
    <ClInclude Include="..\..\..\Framework\FrmResource.h">
      <Filter>Framework\Header Files</Filter>
    </ClInclude>
    <ClInclude Include="..\..\..\Framework\FrmStdlib.h">
      <Filter>Framework\Header Files</Filter>
    </ClInclude>
    <ClInclude Include="..\..\..\Framework\FrmUserInterface.h">
      <Filter>Framework\Header Files</Filter>
    </ClInclude>
    <ClInclude Include="..\..\..\Framework\FrmUtils.h">
      <Filter>Framework\Header Files</Filter>
    </ClInclude>
    <ClInclude Include="..\..\..\Framework\OpenGLES\FrmFontGLES.h">
      <Filter>Framework\Header Files\OpenGLES</Filter>
    </ClInclude>
    <ClInclude Include="..\..\..\Framework\OpenGLES\FrmMesh.h">
      <Filter>Framework\Header Files\OpenGLES</Filter>
    </ClInclude>
    <ClInclude Include="..\..\..\Framework\OpenGLES\FrmPackedResourceGLES.h">
      <Filter>Framework\Header Files\OpenGLES</Filter>
    </ClInclude>
    <ClInclude Include="..\..\..\Framework\OpenGLES\FrmResourceGLES.h">
      <Filter>Framework\Header Files\OpenGLES</Filter>
    </ClInclude>
    <ClInclude Include="..\..\..\Framework\OpenGLES\FrmShader.h">
      <Filter>Framework\Header Files\OpenGLES</Filter>
    </ClInclude>
    <ClInclude Include="..\..\..\Framework\OpenGLES\FrmUserInterfaceGLES.h">
      <Filter>Framework\Header Files\OpenGLES</Filter>
    </ClInclude>
    <ClInclude Include="..\..\..\Framework\OpenGLES\FrmUtilsGLES.h">
      <Filter>Framework\Header Files\OpenGLES</Filter>
    </ClInclude>
    <ClInclude Include="..\..\..\Framework\Win32\FrmPlatform.h">
      <Filter>Framework\Win32</Filter>
    </ClInclude>
  </ItemGroup>
  <ItemGroup>
    <ClCompile Include="..\Scene.cpp" />
    <ClCompile Include="..\..\..\Framework\Win32\FrmApplication_Platform.cpp">
      <Filter>Framework\Win32</Filter>
    </ClCompile>
    <ClCompile Include="..\..\..\Framework\Win32\FrmFile_Platform.cpp">
      <Filter>Framework\Win32</Filter>
    </ClCompile>
    <ClCompile Include="..\..\..\Framework\win32\FrmNoise_Platform.cpp">
      <Filter>Framework\Win32</Filter>
    </ClCompile>
    <ClCompile Include="..\..\..\Framework\Win32\FrmStdlib_Platform.cpp">
      <Filter>Framework\Win32</Filter>
    </ClCompile>
    <ClCompile Include="..\..\..\Framework\Win32\FrmPlatform.cpp">
      <Filter>Framework\Win32</Filter>
    </ClCompile>
    <ClCompile Include="..\..\..\Framework\Win32\FrmUtils_Platform.cpp">
      <Filter>Framework\Win32</Filter>
    </ClCompile>
    <ClCompile Include="..\..\..\Framework\FrmApplication.cpp">
      <Filter>Framework\Source Files</Filter>
    </ClCompile>
    <ClCompile Include="..\..\..\Framework\FrmUtils.cpp">
      <Filter>Framework\Source Files</Filter>
    </ClCompile>
    <ClCompile Include="..\..\..\Framework\FrmFont.cpp">
      <Filter>Framework\Source Files</Filter>
    </ClCompile>
    <ClCompile Include="..\..\..\Framework\FrmInput.cpp">
      <Filter>Framework\Source Files</Filter>
    </ClCompile>
    <ClCompile Include="..\..\..\Framework\FrmPackedResource.cpp">
      <Filter>Framework\Source Files</Filter>
    </ClCompile>
    <ClCompile Include="..\..\..\Framework\FrmUserInterface.cpp">
      <Filter>Framework\Source Files</Filter>
    </ClCompile>
    <ClCompile Include="..\..\..\Framework\OpenGLES\FrmFontGLES.cpp">
      <Filter>Framework\Source Files\OpenGLES</Filter>
    </ClCompile>
    <ClCompile Include="..\..\..\Framework\OpenGLES\FrmMesh.cpp">
      <Filter>Framework\Source Files\OpenGLES</Filter>
    </ClCompile>
    <ClCompile Include="..\..\..\Framework\OpenGLES\FrmPackedResourceGLES.cpp">
      <Filter>Framework\Source Files\OpenGLES</Filter>
    </ClCompile>
    <ClCompile Include="..\..\..\Framework\OpenGLES\FrmResourceGLES.cpp">
      <Filter>Framework\Source Files\OpenGLES</Filter>
    </ClCompile>
    <ClCompile Include="..\..\..\Framework\OpenGLES\FrmShader.cpp">
      <Filter>Framework\Source Files\OpenGLES</Filter>
    </ClCompile>
    <ClCompile Include="..\..\..\Framework\OpenGLES\FrmUserInterfaceGLES.cpp">
      <Filter>Framework\Source Files\OpenGLES</Filter>
    </ClCompile>
    <ClCompile Include="..\..\..\Framework\OpenGLES\FrmUtilsGLES.cpp">
      <Filter>Framework\Source Files\OpenGLES</Filter>
    </ClCompile>
  </ItemGroup>
  <ItemGroup>
    <None Include="..\..\..\..\Assets\Samples\Fonts\Tuffy12.xml">
      <Filter>Assets\Fonts</Filter>
    </None>
    <None Include="..\..\..\..\Assets\Samples\Meshes\Plane.mesh">
      <Filter>Assets\Meshes</Filter>
    </None>
    <None Include="..\..\..\..\Assets\Samples\Textures\Pak\ParallaxMapping.xml">
      <Filter>Assets\Resources</Filter>
    </None>
    <None Include="..\..\..\..\Assets\Samples\Shaders\ParallaxMapping.glsl">
      <Filter>Assets\Shaders</Filter>
    </None>
    <None Include="..\..\..\Framework\Win32\Adreno.ico">
      <Filter>Framework\Win32</Filter>
    </None>
    <None Include="..\..\..\Framework\Win32\FrmMath_Platform.inl">
      <Filter>Framework\Win32</Filter>
    </None>
  </ItemGroup>
</Project>