<?xml version="1.0" encoding="utf-8"?>
<Project ToolsVersion="4.0" xmlns="http://schemas.microsoft.com/developer/msbuild/2003">
  <ItemGroup>
    <Filter Include="Framework">
      <UniqueIdentifier>{4a88326a-0bbd-43aa-8e18-99eb92949300}</UniqueIdentifier>
    </Filter>
    <Filter Include="Framework\Header Files">
      <UniqueIdentifier>{b6bda5f7-5e82-40d8-a88a-47ec689740b8}</UniqueIdentifier>
    </Filter>
    <Filter Include="Framework\Header Files\OpenGLES">
      <UniqueIdentifier>{a703d0fe-3b19-41d9-a358-f67c1675303d}</UniqueIdentifier>
    </Filter>
    <Filter Include="Framework\Win32">
      <UniqueIdentifier>{57742ba3-c33d-4d1a-bf39-17cee44e8d1b}</UniqueIdentifier>
    </Filter>
    <Filter Include="Framework\Source Files">
      <UniqueIdentifier>{b0ca7e93-048f-40ef-8e74-853a49f44181}</UniqueIdentifier>
    </Filter>
    <Filter Include="Framework\Source Files\OpenGLES">
      <UniqueIdentifier>{5c03baee-d5c4-4872-b383-917df7084131}</UniqueIdentifier>
    </Filter>
    <Filter Include="Assets">
      <UniqueIdentifier>{5862db93-10ec-4f13-935b-845ef7112c25}</UniqueIdentifier>
    </Filter>
    <Filter Include="Assets\Resources">
      <UniqueIdentifier>{e91a9ff5-1727-49dc-aa3f-31360c7dfa1a}</UniqueIdentifier>
      <Extensions>.xml</Extensions>
    </Filter>
    <Filter Include="Assets\Fonts">
      <UniqueIdentifier>{abe8a4ca-f1b3-4589-bb4f-a865a3a0a907}</UniqueIdentifier>
      <Extensions>.xml</Extensions>
    </Filter>
    <Filter Include="Assets\Meshes">
      <UniqueIdentifier>{6fd55cb5-3ca1-476c-ba3c-88eb1f12cc23}</UniqueIdentifier>
      <Extensions>.mesh;</Extensions>
    </Filter>
    <Filter Include="Assets\Shaders">
      <UniqueIdentifier>{31947d55-2cfb-459f-b3f3-65c227ea48f0}</UniqueIdentifier>
      <Extensions>.shd;.glsl</Extensions>
    </Filter>
  </ItemGroup>
  <ItemGroup>
    <ClInclude Include="..\..\..\Framework\FrmApplication.h">
      <Filter>Framework\Header Files</Filter>
    </ClInclude>
    <ClInclude Include="..\..\..\Framework\FrmFile.h">
      <Filter>Framework\Header Files</Filter>
    </ClInclude>
    <ClInclude Include="..\..\..\Framework\FrmFont.h">
      <Filter>Framework\Header Files</Filter>
    </ClInclude>
    <ClInclude Include="..\..\..\Framework\FrmInput.h">
      <Filter>Framework\Header Files</Filter>
    </ClInclude>
    <ClInclude Include="..\..\..\Framework\FrmMath.h">
      <Filter>Framework\Header Files</Filter>
    </ClInclude>
    <ClInclude Include="..\..\..\Framework\FrmNoise.h">
      <Filter>Framework\Header Files</Filter>
    </ClInclude>
    <ClInclude Include="..\..\..\Framework\FrmPackedResource.h">
      <Filter>Framework\Header Files</Filter>
    </ClInclude>
    <ClInclude Include="..\..\..\Framework\FrmResource.h">
      <Filter>Framework\Header Files</Filter>
    </ClInclude>
    <ClInclude Include="..\..\..\Framework\FrmStdlib.h">
      <Filter>Framework\Header Files</Filter>
    </ClInclude>
    <ClInclude Include="..\..\..\Framework\FrmUserInterface.h">
      <Filter>Framework\Header Files</Filter>
    </ClInclude>
    <ClInclude Include="..\..\..\Framework\FrmUtils.h">
      <Filter>Framework\Header Files</Filter>
    </ClInclude>
    <ClInclude Include="..\..\..\Framework\OpenGLES\FrmFontGLES.h">
      <Filter>Framework\Header Files\OpenGLES</Filter>
    </ClInclude>
    <ClInclude Include="..\..\..\Framework\OpenGLES\FrmMesh.h">
      <Filter>Framework\Header Files\OpenGLES</Filter>
    </ClInclude>
    <ClInclude Include="..\..\..\Framework\OpenGLES\FrmPackedResourceGLES.h">
      <Filter>Framework\Header Files\OpenGLES</Filter>
    </ClInclude>
    <ClInclude Include="..\..\..\Framework\OpenGLES\FrmResourceGLES.h">
      <Filter>Framework\Header Files\OpenGLES</Filter>
    </ClInclude>
    <ClInclude Include="..\..\..\Framework\OpenGLES\FrmShader.h">
      <Filter>Framework\Header Files\OpenGLES</Filter>
    </ClInclude>
    <ClInclude Include="..\..\..\Framework\OpenGLES\FrmUserInterfaceGLES.h">
      <Filter>Framework\Header Files\OpenGLES</Filter>
    </ClInclude>
    <ClInclude Include="..\..\..\Framework\OpenGLES\FrmUtilsGLES.h">
      <Filter>Framework\Header Files\OpenGLES</Filter>
    </ClInclude>
    <ClInclude Include="..\..\..\Framework\Win32\FrmPlatform.h">
      <Filter>Framework\Win32</Filter>
    </ClInclude>
    <ClInclude Include="..\Scene.h" />
  </ItemGroup>
  <ItemGroup>
    <ClCompile Include="..\..\..\Framework\Win32\FrmApplication_Platform.cpp">
      <Filter>Framework\Win32</Filter>
    </ClCompile>
    <ClCompile Include="..\..\..\Framework\Win32\FrmFile_Platform.cpp">
      <Filter>Framework\Win32</Filter>
    </ClCompile>
    <ClCompile Include="..\..\..\Framework\win32\FrmNoise_Platform.cpp">
      <Filter>Framework\Win32</Filter>
    </ClCompile>
    <ClCompile Include="..\..\..\Framework\Win32\FrmStdlib_Platform.cpp">
      <Filter>Framework\Win32</Filter>
    </ClCompile>
    <ClCompile Include="..\..\..\Framework\Win32\FrmPlatform.cpp">
      <Filter>Framework\Win32</Filter>
    </ClCompile>
    <ClCompile Include="..\..\..\Framework\Win32\FrmUtils_Platform.cpp">
      <Filter>Framework\Win32</Filter>
    </ClCompile>
    <ClCompile Include="..\..\..\Framework\FrmApplication.cpp">
      <Filter>Framework\Source Files</Filter>
    </ClCompile>
    <ClCompile Include="..\..\..\Framework\FrmUtils.cpp">
      <Filter>Framework\Source Files</Filter>
    </ClCompile>
    <ClCompile Include="..\..\..\Framework\FrmFont.cpp">
      <Filter>Framework\Source Files</Filter>
    </ClCompile>
    <ClCompile Include="..\..\..\Framework\FrmInput.cpp">
      <Filter>Framework\Source Files</Filter>
    </ClCompile>
    <ClCompile Include="..\..\..\Framework\FrmPackedResource.cpp">
      <Filter>Framework\Source Files</Filter>
    </ClCompile>
    <ClCompile Include="..\..\..\Framework\FrmUserInterface.cpp">
      <Filter>Framework\Source Files</Filter>
    </ClCompile>
    <ClCompile Include="..\..\..\Framework\OpenGLES\FrmFontGLES.cpp">
      <Filter>Framework\Source Files\OpenGLES</Filter>
    </ClCompile>
    <ClCompile Include="..\..\..\Framework\OpenGLES\FrmMesh.cpp">
      <Filter>Framework\Source Files\OpenGLES</Filter>
    </ClCompile>
    <ClCompile Include="..\..\..\Framework\OpenGLES\FrmPackedResourceGLES.cpp">
      <Filter>Framework\Source Files\OpenGLES</Filter>
    </ClCompile>
    <ClCompile Include="..\..\..\Framework\OpenGLES\FrmResourceGLES.cpp">
      <Filter>Framework\Source Files\OpenGLES</Filter>
    </ClCompile>
    <ClCompile Include="..\..\..\Framework\OpenGLES\FrmShader.cpp">
      <Filter>Framework\Source Files\OpenGLES</Filter>
    </ClCompile>
    <ClCompile Include="..\..\..\Framework\OpenGLES\FrmUserInterfaceGLES.cpp">
      <Filter>Framework\Source Files\OpenGLES</Filter>
    </ClCompile>
    <ClCompile Include="..\..\..\Framework\OpenGLES\FrmUtilsGLES.cpp">
      <Filter>Framework\Source Files\OpenGLES</Filter>
    </ClCompile>
    <ClCompile Include="..\Scene.cpp" />
  </ItemGroup>
  <ItemGroup>
    <None Include="..\..\..\Framework\Win32\Adreno.ico">
      <Filter>Framework\Win32</Filter>
    </None>
    <None Include="..\..\..\Framework\Win32\FrmMath_Platform.inl">
      <Filter>Framework\Win32</Filter>
    </None>
    <None Include="..\..\..\..\Assets\Samples\Shaders\Constant.glsl">
      <Filter>Assets\Shaders</Filter>
    </None>
    <None Include="..\..\..\..\Assets\Samples\Shaders\PerPixelLighting.glsl">
      <Filter>Assets\Shaders</Filter>
    </None>
    <None Include="..\..\..\..\Assets\Samples\Textures\Pak\ProjectiveShadows.xml">
      <Filter>Assets\Resources</Filter>
    </None>
    <None Include="..\..\..\..\Assets\Samples\Meshes\BumpySphere.mesh">
      <Filter>Assets\Meshes</Filter>
    </None>
    <None Include="..\..\..\..\Assets\Samples\Meshes\Cube.mesh">
      <Filter>Assets\Meshes</Filter>
    </None>
    <None Include="..\..\..\..\Assets\Samples\Meshes\Plane.mesh">
      <Filter>Assets\Meshes</Filter>
    </None>
    <None Include="..\..\..\..\Assets\Samples\Meshes\Rocket.mesh">
      <Filter>Assets\Meshes</Filter>
    </None>
    <None Include="..\..\..\..\Assets\Samples\Meshes\Sphere.mesh">
      <Filter>Assets\Meshes</Filter>
    </None>
    <None Include="..\..\..\..\Assets\Samples\Meshes\Torus.mesh">
      <Filter>Assets\Meshes</Filter>
    </None>
    <None Include="..\..\..\..\Assets\Samples\Fonts\Tuffy12.xml">
      <Filter>Assets\Fonts</Filter>
    </None>
  </ItemGroup>
</Project>