<?xml version="1.0" encoding="utf-8"?>
<Project ToolsVersion="4.0" xmlns="http://schemas.microsoft.com/developer/msbuild/2003">
  <ItemGroup>
    <Filter Include="Framework">
      <UniqueIdentifier>{c0c8bd5f-b39b-4c2c-bfe5-be593218f404}</UniqueIdentifier>
    </Filter>
    <Filter Include="Framework\Header Files">
      <UniqueIdentifier>{4791131d-3c61-4910-b89d-d23cc13d3c6c}</UniqueIdentifier>
    </Filter>
    <Filter Include="Framework\Header Files\OpenGLES">
      <UniqueIdentifier>{695643be-e38f-42fa-8a26-0a8a9bead15c}</UniqueIdentifier>
    </Filter>
    <Filter Include="Framework\Win32">
      <UniqueIdentifier>{41c7edd2-4790-4460-928f-207dba2030ea}</UniqueIdentifier>
    </Filter>
    <Filter Include="Framework\Source Files">
      <UniqueIdentifier>{0048ef86-85d3-4313-aca1-9351a33be2da}</UniqueIdentifier>
    </Filter>
    <Filter Include="Framework\Source Files\OpenGLES">
      <UniqueIdentifier>{74b85f10-e715-416c-a215-7062ba45952a}</UniqueIdentifier>
    </Filter>
    <Filter Include="Assets">
      <UniqueIdentifier>{01d2e02b-d8de-4888-be5b-70ef1ef35f70}</UniqueIdentifier>
    </Filter>
    <Filter Include="Assets\Resources">
      <UniqueIdentifier>{57482a3e-e397-4299-bdce-262daad5df7e}</UniqueIdentifier>
      <Extensions>.xml</Extensions>
    </Filter>
    <Filter Include="Assets\Fonts">
      <UniqueIdentifier>{30fef483-8abb-4e8c-90c5-bf0c4a8817bb}</UniqueIdentifier>
      <Extensions>.xml</Extensions>
    </Filter>
    <Filter Include="Assets\Meshes">
      <UniqueIdentifier>{ba3fb456-a3ae-4001-bcdc-9370f290365b}</UniqueIdentifier>
      <Extensions>.mesh;</Extensions>
    </Filter>
    <Filter Include="Assets\Shaders">
      <UniqueIdentifier>{088e7ebd-798a-4499-8d6e-1a5a64c43f21}</UniqueIdentifier>
      <Extensions>.shd;.glsl</Extensions>
    </Filter>
  </ItemGroup>
  <ItemGroup>
    <ClInclude Include="..\..\..\Framework\FrmApplication.h">
      <Filter>Framework\Header Files</Filter>
    </ClInclude>
    <ClInclude Include="..\..\..\Framework\FrmFile.h">
      <Filter>Framework\Header Files</Filter>
    </ClInclude>
    <ClInclude Include="..\..\..\Framework\FrmFont.h">
      <Filter>Framework\Header Files</Filter>
    </ClInclude>
    <ClInclude Include="..\..\..\Framework\FrmInput.h">
      <Filter>Framework\Header Files</Filter>
    </ClInclude>
    <ClInclude Include="..\..\..\Framework\FrmMath.h">
      <Filter>Framework\Header Files</Filter>
    </ClInclude>
    <ClInclude Include="..\..\..\Framework\FrmNoise.h">
      <Filter>Framework\Header Files</Filter>
    </ClInclude>
    <ClInclude Include="..\..\..\Framework\FrmPackedResource.h">
      <Filter>Framework\Header Files</Filter>
    </ClInclude>
    <ClInclude Include="..\..\..\Framework\FrmResource.h">
      <Filter>Framework\Header Files</Filter>
    </ClInclude>
    <ClInclude Include="..\..\..\Framework\FrmStdlib.h">
      <Filter>Framework\Header Files</Filter>
    </ClInclude>
    <ClInclude Include="..\..\..\Framework\FrmUserInterface.h">
      <Filter>Framework\Header Files</Filter>
    </ClInclude>
    <ClInclude Include="..\..\..\Framework\FrmUtils.h">
      <Filter>Framework\Header Files</Filter>
    </ClInclude>
    <ClInclude Include="..\..\..\Framework\OpenGLES\FrmFontGLES.h">
      <Filter>Framework\Header Files\OpenGLES</Filter>
    </ClInclude>
    <ClInclude Include="..\..\..\Framework\OpenGLES\FrmMesh.h">
      <Filter>Framework\Header Files\OpenGLES</Filter>
    </ClInclude>
    <ClInclude Include="..\..\..\Framework\OpenGLES\FrmPackedResourceGLES.h">
      <Filter>Framework\Header Files\OpenGLES</Filter>
    </ClInclude>
    <ClInclude Include="..\..\..\Framework\OpenGLES\FrmResourceGLES.h">
      <Filter>Framework\Header Files\OpenGLES</Filter>
    </ClInclude>
    <ClInclude Include="..\..\..\Framework\OpenGLES\FrmShader.h">
      <Filter>Framework\Header Files\OpenGLES</Filter>
    </ClInclude>
    <ClInclude Include="..\..\..\Framework\OpenGLES\FrmUserInterfaceGLES.h">
      <Filter>Framework\Header Files\OpenGLES</Filter>
    </ClInclude>
    <ClInclude Include="..\..\..\Framework\OpenGLES\FrmUtilsGLES.h">
      <Filter>Framework\Header Files\OpenGLES</Filter>
    </ClInclude>
    <ClInclude Include="..\..\..\Framework\Win32\FrmPlatform.h">
      <Filter>Framework\Win32</Filter>
    </ClInclude>
    <ClInclude Include="..\Scene.h" />
  </ItemGroup>
  <ItemGroup>
    <ClCompile Include="..\..\..\Framework\Win32\FrmApplication_Platform.cpp">
      <Filter>Framework\Win32</Filter>
    </ClCompile>
    <ClCompile Include="..\..\..\Framework\Win32\FrmFile_Platform.cpp">
      <Filter>Framework\Win32</Filter>
    </ClCompile>
    <ClCompile Include="..\..\..\Framework\win32\FrmNoise_Platform.cpp">
      <Filter>Framework\Win32</Filter>
    </ClCompile>
    <ClCompile Include="..\..\..\Framework\Win32\FrmStdlib_Platform.cpp">
      <Filter>Framework\Win32</Filter>
    </ClCompile>
    <ClCompile Include="..\..\..\Framework\Win32\FrmPlatform.cpp">
      <Filter>Framework\Win32</Filter>
    </ClCompile>
    <ClCompile Include="..\..\..\Framework\Win32\FrmUtils_Platform.cpp">
      <Filter>Framework\Win32</Filter>
    </ClCompile>
    <ClCompile Include="..\..\..\Framework\FrmApplication.cpp">
      <Filter>Framework\Source Files</Filter>
    </ClCompile>
    <ClCompile Include="..\..\..\Framework\FrmUtils.cpp">
      <Filter>Framework\Source Files</Filter>
    </ClCompile>
    <ClCompile Include="..\..\..\Framework\FrmFont.cpp">
      <Filter>Framework\Source Files</Filter>
    </ClCompile>
    <ClCompile Include="..\..\..\Framework\FrmInput.cpp">
      <Filter>Framework\Source Files</Filter>
    </ClCompile>
    <ClCompile Include="..\..\..\Framework\FrmPackedResource.cpp">
      <Filter>Framework\Source Files</Filter>
    </ClCompile>
    <ClCompile Include="..\..\..\Framework\FrmUserInterface.cpp">
      <Filter>Framework\Source Files</Filter>
    </ClCompile>
    <ClCompile Include="..\..\..\Framework\OpenGLES\FrmFontGLES.cpp">
      <Filter>Framework\Source Files\OpenGLES</Filter>
    </ClCompile>
    <ClCompile Include="..\..\..\Framework\OpenGLES\FrmMesh.cpp">
      <Filter>Framework\Source Files\OpenGLES</Filter>
    </ClCompile>
    <ClCompile Include="..\..\..\Framework\OpenGLES\FrmPackedResourceGLES.cpp">
      <Filter>Framework\Source Files\OpenGLES</Filter>
    </ClCompile>
    <ClCompile Include="..\..\..\Framework\OpenGLES\FrmResourceGLES.cpp">
      <Filter>Framework\Source Files\OpenGLES</Filter>
    </ClCompile>
    <ClCompile Include="..\..\..\Framework\OpenGLES\FrmShader.cpp">
      <Filter>Framework\Source Files\OpenGLES</Filter>
    </ClCompile>
    <ClCompile Include="..\..\..\Framework\OpenGLES\FrmUserInterfaceGLES.cpp">
      <Filter>Framework\Source Files\OpenGLES</Filter>
    </ClCompile>
    <ClCompile Include="..\..\..\Framework\OpenGLES\FrmUtilsGLES.cpp">
      <Filter>Framework\Source Files\OpenGLES</Filter>
    </ClCompile>
    <ClCompile Include="..\Scene.cpp" />
  </ItemGroup>
  <ItemGroup>
    <None Include="..\..\..\Framework\Win32\Adreno.ico">
      <Filter>Framework\Win32</Filter>
    </None>
    <None Include="..\..\..\Framework\Win32\FrmMath_Platform.inl">
      <Filter>Framework\Win32</Filter>
    </None>
    <None Include="..\..\..\..\Assets\Samples\Fonts\Tuffy12.xml">
      <Filter>Assets\Fonts</Filter>
    </None>
    <None Include="..\..\..\..\Assets\Samples\Meshes\BumpySphere.mesh">
      <Filter>Assets\Meshes</Filter>
    </None>
    <None Include="..\..\..\..\Assets\Samples\Meshes\Cube.mesh">
      <Filter>Assets\Meshes</Filter>
    </None>
    <None Include="..\..\..\..\Assets\Samples\Meshes\Plane.mesh">
      <Filter>Assets\Meshes</Filter>
    </None>
    <None Include="..\..\..\..\Assets\Samples\Meshes\Rocket.mesh">
      <Filter>Assets\Meshes</Filter>
    </None>
    <None Include="..\..\..\..\Assets\Samples\Meshes\Sphere.mesh">
      <Filter>Assets\Meshes</Filter>
    </None>
    <None Include="..\..\..\..\Assets\Samples\Meshes\Terrain.mesh">
      <Filter>Assets\Meshes</Filter>
    </None>
    <None Include="..\..\..\..\Assets\Samples\Meshes\Torus.mesh">
      <Filter>Assets\Meshes</Filter>
    </None>
    <None Include="..\..\..\..\Assets\Samples\Textures\Pak\ShadowMap.xml">
      <Filter>Assets\Resources</Filter>
    </None>
    <None Include="..\..\..\..\Assets\Samples\Shaders\Overlay.glsl">
      <Filter>Assets\Shaders</Filter>
    </None>
    <None Include="..\..\..\..\Assets\Samples\Shaders\PerPixelLighting.glsl">
      <Filter>Assets\Shaders</Filter>
    </None>
    <None Include="..\..\..\..\Assets\Samples\Shaders\ShadowMap.glsl">
      <Filter>Assets\Shaders</Filter>
    </None>
    <None Include="..\..\..\..\Assets\Samples\Shaders\Depth.glsl">
      <Filter>Assets\Shaders</Filter>
    </None>
    <None Include="..\..\..\..\Assets\Samples\Shaders\ShadowMap2x2PCFFS.glsl">
      <Filter>Assets\Shaders</Filter>
    </None>
  </ItemGroup>
</Project>