<?xml version="1.0" encoding="utf-8"?>
<Project ToolsVersion="4.0" xmlns="http://schemas.microsoft.com/developer/msbuild/2003">
  <ItemGroup>
    <Filter Include="Framework">
      <UniqueIdentifier>{af3706fb-dc05-43ef-8f1d-4e635ee9a40d}</UniqueIdentifier>
    </Filter>
    <Filter Include="Framework\Header Files">
      <UniqueIdentifier>{5b10d160-eb6e-427f-b9f3-7d81e8a31b19}</UniqueIdentifier>
    </Filter>
    <Filter Include="Framework\Header Files\OpenGLES">
      <UniqueIdentifier>{45505403-e963-4e9c-9225-fecb29236536}</UniqueIdentifier>
    </Filter>
    <Filter Include="Framework\Win32">
      <UniqueIdentifier>{c548d170-22dd-4c1d-ab1d-04667689edab}</UniqueIdentifier>
    </Filter>
    <Filter Include="Framework\Source Files">
      <UniqueIdentifier>{12b592e7-b51c-4b3f-9638-308ca5dbbe54}</UniqueIdentifier>
    </Filter>
    <Filter Include="Framework\Source Files\OpenGLES">
      <UniqueIdentifier>{4edb34f7-2cf1-4a73-91e7-cf33f1587658}</UniqueIdentifier>
    </Filter>
    <Filter Include="Assets">
      <UniqueIdentifier>{404906fd-6094-40d8-8c30-6ad83b2d8f7e}</UniqueIdentifier>
    </Filter>
    <Filter Include="Assets\Resources">
      <UniqueIdentifier>{51b28969-6e03-42f5-8065-4904614ad675}</UniqueIdentifier>
      <Extensions>.xml</Extensions>
    </Filter>
    <Filter Include="Assets\Fonts">
      <UniqueIdentifier>{39222c55-1ce6-415d-9c9a-4820507f1ef0}</UniqueIdentifier>
      <Extensions>.xml</Extensions>
    </Filter>
    <Filter Include="Assets\Meshes">
      <UniqueIdentifier>{b18fbade-60c4-4c76-954e-05fba92438ac}</UniqueIdentifier>
      <Extensions>.mesh;</Extensions>
    </Filter>
    <Filter Include="Assets\Shaders">
      <UniqueIdentifier>{a92db95f-f8ad-466a-be1d-806cabb34808}</UniqueIdentifier>
      <Extensions>.shd;.glsl</Extensions>
    </Filter>
  </ItemGroup>
  <ItemGroup>
    <ClInclude Include="..\..\..\Framework\FrmApplication.h">
      <Filter>Framework\Header Files</Filter>
    </ClInclude>
    <ClInclude Include="..\..\..\Framework\FrmFile.h">
      <Filter>Framework\Header Files</Filter>
    </ClInclude>
    <ClInclude Include="..\..\..\Framework\FrmFont.h">
      <Filter>Framework\Header Files</Filter>
    </ClInclude>
    <ClInclude Include="..\..\..\Framework\FrmInput.h">
      <Filter>Framework\Header Files</Filter>
    </ClInclude>
    <ClInclude Include="..\..\..\Framework\FrmMath.h">
      <Filter>Framework\Header Files</Filter>
    </ClInclude>
    <ClInclude Include="..\..\..\Framework\FrmNoise.h">
      <Filter>Framework\Header Files</Filter>
    </ClInclude>
    <ClInclude Include="..\..\..\Framework\FrmPackedResource.h">
      <Filter>Framework\Header Files</Filter>
    </ClInclude>
    <ClInclude Include="..\..\..\Framework\FrmResource.h">
      <Filter>Framework\Header Files</Filter>
    </ClInclude>
    <ClInclude Include="..\..\..\Framework\FrmStdlib.h">
      <Filter>Framework\Header Files</Filter>
    </ClInclude>
    <ClInclude Include="..\..\..\Framework\FrmUserInterface.h">
      <Filter>Framework\Header Files</Filter>
    </ClInclude>
    <ClInclude Include="..\..\..\Framework\FrmUtils.h">
      <Filter>Framework\Header Files</Filter>
    </ClInclude>
    <ClInclude Include="..\..\..\Framework\OpenGLES\FrmFontGLES.h">
      <Filter>Framework\Header Files\OpenGLES</Filter>
    </ClInclude>
    <ClInclude Include="..\..\..\Framework\OpenGLES\FrmMesh.h">
      <Filter>Framework\Header Files\OpenGLES</Filter>
    </ClInclude>
    <ClInclude Include="..\..\..\Framework\OpenGLES\FrmPackedResourceGLES.h">
      <Filter>Framework\Header Files\OpenGLES</Filter>
    </ClInclude>
    <ClInclude Include="..\..\..\Framework\OpenGLES\FrmResourceGLES.h">
      <Filter>Framework\Header Files\OpenGLES</Filter>
    </ClInclude>
    <ClInclude Include="..\..\..\Framework\OpenGLES\FrmShader.h">
      <Filter>Framework\Header Files\OpenGLES</Filter>
    </ClInclude>
    <ClInclude Include="..\..\..\Framework\OpenGLES\FrmUserInterfaceGLES.h">
      <Filter>Framework\Header Files\OpenGLES</Filter>
    </ClInclude>
    <ClInclude Include="..\..\..\Framework\OpenGLES\FrmUtilsGLES.h">
      <Filter>Framework\Header Files\OpenGLES</Filter>
    </ClInclude>
    <ClInclude Include="..\..\..\Framework\Win32\FrmPlatform.h">
      <Filter>Framework\Win32</Filter>
    </ClInclude>
    <ClInclude Include="..\Scene.h" />
  </ItemGroup>
  <ItemGroup>
    <ClCompile Include="..\..\..\Framework\Win32\FrmApplication_Platform.cpp">
      <Filter>Framework\Win32</Filter>
    </ClCompile>
    <ClCompile Include="..\..\..\Framework\Win32\FrmFile_Platform.cpp">
      <Filter>Framework\Win32</Filter>
    </ClCompile>
    <ClCompile Include="..\..\..\Framework\win32\FrmNoise_Platform.cpp">
      <Filter>Framework\Win32</Filter>
    </ClCompile>
    <ClCompile Include="..\..\..\Framework\Win32\FrmStdlib_Platform.cpp">
      <Filter>Framework\Win32</Filter>
    </ClCompile>
    <ClCompile Include="..\..\..\Framework\Win32\FrmPlatform.cpp">
      <Filter>Framework\Win32</Filter>
    </ClCompile>
    <ClCompile Include="..\..\..\Framework\Win32\FrmUtils_Platform.cpp">
      <Filter>Framework\Win32</Filter>
    </ClCompile>
    <ClCompile Include="..\..\..\Framework\FrmApplication.cpp">
      <Filter>Framework\Source Files</Filter>
    </ClCompile>
    <ClCompile Include="..\..\..\Framework\FrmUtils.cpp">
      <Filter>Framework\Source Files</Filter>
    </ClCompile>
    <ClCompile Include="..\..\..\Framework\FrmFont.cpp">
      <Filter>Framework\Source Files</Filter>
    </ClCompile>
    <ClCompile Include="..\..\..\Framework\FrmInput.cpp">
      <Filter>Framework\Source Files</Filter>
    </ClCompile>
    <ClCompile Include="..\..\..\Framework\FrmPackedResource.cpp">
      <Filter>Framework\Source Files</Filter>
    </ClCompile>
    <ClCompile Include="..\..\..\Framework\FrmUserInterface.cpp">
      <Filter>Framework\Source Files</Filter>
    </ClCompile>
    <ClCompile Include="..\..\..\Framework\OpenGLES\FrmFontGLES.cpp">
      <Filter>Framework\Source Files\OpenGLES</Filter>
    </ClCompile>
    <ClCompile Include="..\..\..\Framework\OpenGLES\FrmMesh.cpp">
      <Filter>Framework\Source Files\OpenGLES</Filter>
    </ClCompile>
    <ClCompile Include="..\..\..\Framework\OpenGLES\FrmPackedResourceGLES.cpp">
      <Filter>Framework\Source Files\OpenGLES</Filter>
    </ClCompile>
    <ClCompile Include="..\..\..\Framework\OpenGLES\FrmResourceGLES.cpp">
      <Filter>Framework\Source Files\OpenGLES</Filter>
    </ClCompile>
    <ClCompile Include="..\..\..\Framework\OpenGLES\FrmShader.cpp">
      <Filter>Framework\Source Files\OpenGLES</Filter>
    </ClCompile>
    <ClCompile Include="..\..\..\Framework\OpenGLES\FrmUserInterfaceGLES.cpp">
      <Filter>Framework\Source Files\OpenGLES</Filter>
    </ClCompile>
    <ClCompile Include="..\..\..\Framework\OpenGLES\FrmUtilsGLES.cpp">
      <Filter>Framework\Source Files\OpenGLES</Filter>
    </ClCompile>
    <ClCompile Include="..\Scene.cpp" />
  </ItemGroup>
  <ItemGroup>
    <None Include="..\..\..\Framework\Win32\Adreno.ico">
      <Filter>Framework\Win32</Filter>
    </None>
    <None Include="..\..\..\Framework\Win32\FrmMath_Platform.inl">
      <Filter>Framework\Win32</Filter>
    </None>
    <None Include="..\..\..\..\Assets\Samples\Fonts\Tuffy12.xml">
      <Filter>Assets\Fonts</Filter>
    </None>
    <None Include="..\..\..\..\Assets\Samples\Meshes\Phone.mesh">
      <Filter>Assets\Meshes</Filter>
    </None>
    <None Include="..\..\..\..\Assets\Samples\Textures\Pak\Lighting.xml">
      <Filter>Assets\Resources</Filter>
    </None>
    <None Include="..\..\..\..\Assets\Samples\Shaders\PerPixelLighting.glsl">
      <Filter>Assets\Shaders</Filter>
    </None>
    <None Include="..\..\..\..\Assets\Samples\Shaders\PerVertexLighting.glsl">
      <Filter>Assets\Shaders</Filter>
    </None>
  </ItemGroup>
</Project>